
Microsoft Visual Studio Solution File, Format Version 12.00
# Visual Studio Version 16
VisualStudioVersion = 16.0.31729.503
MinimumVisualStudioVersion = 10.0.40219.1
Project("{9A19103F-16F7-4668-BE54-9A1E7A4F7556}") = "ConsoleClient", "ConsoleClient.csproj", "{20797E63-AECF-443A-97C9-12B2066B0A62}"
EndProject
Project("{9A19103F-16F7-4668-BE54-9A1E7A4F7556}") = "ASPCoreServer", "..\ASPCoreServer\ASPCoreServer.csproj", "{61EF598F-E831-49D5-A964-DD5744FB4470}"
EndProject
Project("{FAE04EC0-301F-11D3-BF4B-00C04F79EFBC}") = "WindoesFormsClient", "..\WindoesFormsClient\WindoesFormsClient.csproj", "{53DC8574-A36B-4C87-9206-D6D3A84896AC}"
EndProject
Project("{9A19103F-16F7-4668-BE54-9A1E7A4F7556}") = "ConsoleMessengerWithGUI", "..\ConsoleMessengerWithGUI\ConsoleMessengerWithGUI.csproj", "{9FC153BB-ABC2-44FF-B39B-E528C53BE16A}"
EndProject
Project("{FAE04EC0-301F-11D3-BF4B-00C04F79EFBC}") = "WpfClient", "..\WpfClient\WpfClient.csproj", "{C62B0993-00D9-4502-A644-E75E3FA381A6}"
EndProject
Project("{FAE04EC0-301F-11D3-BF4B-00C04F79EFBC}") = "UWPClient", "..\UWPClient\UWPClient.csproj", "{920AFC9B-74FD-4F47-BE3C-60DAD4A78C73}"
EndProject
Global
	GlobalSection(SolutionConfigurationPlatforms) = preSolution
		Debug|Any CPU = Debug|Any CPU
		Debug|ARM = Debug|ARM
		Debug|ARM64 = Debug|ARM64
		Debug|x64 = Debug|x64
		Debug|x86 = Debug|x86
		Release|Any CPU = Release|Any CPU
		Release|ARM = Release|ARM
		Release|ARM64 = Release|ARM64
		Release|x64 = Release|x64
		Release|x86 = Release|x86
	EndGlobalSection
	GlobalSection(ProjectConfigurationPlatforms) = postSolution
		{20797E63-AECF-443A-97C9-12B2066B0A62}.Debug|Any CPU.ActiveCfg = Debug|Any CPU
		{20797E63-AECF-443A-97C9-12B2066B0A62}.Debug|Any CPU.Build.0 = Debug|Any CPU
		{20797E63-AECF-443A-97C9-12B2066B0A62}.Debug|ARM.ActiveCfg = Debug|Any CPU
		{20797E63-AECF-443A-97C9-12B2066B0A62}.Debug|ARM.Build.0 = Debug|Any CPU
		{20797E63-AECF-443A-97C9-12B2066B0A62}.Debug|ARM64.ActiveCfg = Debug|Any CPU
		{20797E63-AECF-443A-97C9-12B2066B0A62}.Debug|ARM64.Build.0 = Debug|Any CPU
		{20797E63-AECF-443A-97C9-12B2066B0A62}.Debug|x64.ActiveCfg = Debug|Any CPU
		{20797E63-AECF-443A-97C9-12B2066B0A62}.Debug|x64.Build.0 = Debug|Any CPU
		{20797E63-AECF-443A-97C9-12B2066B0A62}.Debug|x86.ActiveCfg = Debug|Any CPU
		{20797E63-AECF-443A-97C9-12B2066B0A62}.Debug|x86.Build.0 = Debug|Any CPU
		{20797E63-AECF-443A-97C9-12B2066B0A62}.Release|Any CPU.ActiveCfg = Release|Any CPU
		{20797E63-AECF-443A-97C9-12B2066B0A62}.Release|Any CPU.Build.0 = Release|Any CPU
		{20797E63-AECF-443A-97C9-12B2066B0A62}.Release|ARM.ActiveCfg = Release|Any CPU
		{20797E63-AECF-443A-97C9-12B2066B0A62}.Release|ARM.Build.0 = Release|Any CPU
		{20797E63-AECF-443A-97C9-12B2066B0A62}.Release|ARM64.ActiveCfg = Release|Any CPU
		{20797E63-AECF-443A-97C9-12B2066B0A62}.Release|ARM64.Build.0 = Release|Any CPU
		{20797E63-AECF-443A-97C9-12B2066B0A62}.Release|x64.ActiveCfg = Release|Any CPU
		{20797E63-AECF-443A-97C9-12B2066B0A62}.Release|x64.Build.0 = Release|Any CPU
		{20797E63-AECF-443A-97C9-12B2066B0A62}.Release|x86.ActiveCfg = Release|Any CPU
		{20797E63-AECF-443A-97C9-12B2066B0A62}.Release|x86.Build.0 = Release|Any CPU
		{61EF598F-E831-49D5-A964-DD5744FB4470}.Debug|Any CPU.ActiveCfg = Debug|Any CPU
		{61EF598F-E831-49D5-A964-DD5744FB4470}.Debug|Any CPU.Build.0 = Debug|Any CPU
		{61EF598F-E831-49D5-A964-DD5744FB4470}.Debug|ARM.ActiveCfg = Debug|Any CPU
		{61EF598F-E831-49D5-A964-DD5744FB4470}.Debug|ARM.Build.0 = Debug|Any CPU
		{61EF598F-E831-49D5-A964-DD5744FB4470}.Debug|ARM64.ActiveCfg = Debug|Any CPU
		{61EF598F-E831-49D5-A964-DD5744FB4470}.Debug|ARM64.Build.0 = Debug|Any CPU
		{61EF598F-E831-49D5-A964-DD5744FB4470}.Debug|x64.ActiveCfg = Debug|Any CPU
		{61EF598F-E831-49D5-A964-DD5744FB4470}.Debug|x64.Build.0 = Debug|Any CPU
		{61EF598F-E831-49D5-A964-DD5744FB4470}.Debug|x86.ActiveCfg = Debug|Any CPU
		{61EF598F-E831-49D5-A964-DD5744FB4470}.Debug|x86.Build.0 = Debug|Any CPU
		{61EF598F-E831-49D5-A964-DD5744FB4470}.Release|Any CPU.ActiveCfg = Release|Any CPU
		{61EF598F-E831-49D5-A964-DD5744FB4470}.Release|Any CPU.Build.0 = Release|Any CPU
		{61EF598F-E831-49D5-A964-DD5744FB4470}.Release|ARM.ActiveCfg = Release|Any CPU
		{61EF598F-E831-49D5-A964-DD5744FB4470}.Release|ARM.Build.0 = Release|Any CPU
		{61EF598F-E831-49D5-A964-DD5744FB4470}.Release|ARM64.ActiveCfg = Release|Any CPU
		{61EF598F-E831-49D5-A964-DD5744FB4470}.Release|ARM64.Build.0 = Release|Any CPU
		{61EF598F-E831-49D5-A964-DD5744FB4470}.Release|x64.ActiveCfg = Release|Any CPU
		{61EF598F-E831-49D5-A964-DD5744FB4470}.Release|x64.Build.0 = Release|Any CPU
		{61EF598F-E831-49D5-A964-DD5744FB4470}.Release|x86.ActiveCfg = Release|Any CPU
		{61EF598F-E831-49D5-A964-DD5744FB4470}.Release|x86.Build.0 = Release|Any CPU
		{53DC8574-A36B-4C87-9206-D6D3A84896AC}.Debug|Any CPU.ActiveCfg = Debug|Any CPU
		{53DC8574-A36B-4C87-9206-D6D3A84896AC}.Debug|Any CPU.Build.0 = Debug|Any CPU
		{53DC8574-A36B-4C87-9206-D6D3A84896AC}.Debug|ARM.ActiveCfg = Debug|Any CPU
		{53DC8574-A36B-4C87-9206-D6D3A84896AC}.Debug|ARM.Build.0 = Debug|Any CPU
		{53DC8574-A36B-4C87-9206-D6D3A84896AC}.Debug|ARM64.ActiveCfg = Debug|Any CPU
		{53DC8574-A36B-4C87-9206-D6D3A84896AC}.Debug|ARM64.Build.0 = Debug|Any CPU
		{53DC8574-A36B-4C87-9206-D6D3A84896AC}.Debug|x64.ActiveCfg = Debug|Any CPU
		{53DC8574-A36B-4C87-9206-D6D3A84896AC}.Debug|x64.Build.0 = Debug|Any CPU
		{53DC8574-A36B-4C87-9206-D6D3A84896AC}.Debug|x86.ActiveCfg = Debug|Any CPU
		{53DC8574-A36B-4C87-9206-D6D3A84896AC}.Debug|x86.Build.0 = Debug|Any CPU
		{53DC8574-A36B-4C87-9206-D6D3A84896AC}.Release|Any CPU.ActiveCfg = Release|Any CPU
		{53DC8574-A36B-4C87-9206-D6D3A84896AC}.Release|Any CPU.Build.0 = Release|Any CPU
		{53DC8574-A36B-4C87-9206-D6D3A84896AC}.Release|ARM.ActiveCfg = Release|Any CPU
		{53DC8574-A36B-4C87-9206-D6D3A84896AC}.Release|ARM.Build.0 = Release|Any CPU
		{53DC8574-A36B-4C87-9206-D6D3A84896AC}.Release|ARM64.ActiveCfg = Release|Any CPU
		{53DC8574-A36B-4C87-9206-D6D3A84896AC}.Release|ARM64.Build.0 = Release|Any CPU
		{53DC8574-A36B-4C87-9206-D6D3A84896AC}.Release|x64.ActiveCfg = Release|Any CPU
		{53DC8574-A36B-4C87-9206-D6D3A84896AC}.Release|x64.Build.0 = Release|Any CPU
		{53DC8574-A36B-4C87-9206-D6D3A84896AC}.Release|x86.ActiveCfg = Release|Any CPU
		{53DC8574-A36B-4C87-9206-D6D3A84896AC}.Release|x86.Build.0 = Release|Any CPU
		{9FC153BB-ABC2-44FF-B39B-E528C53BE16A}.Debug|Any CPU.ActiveCfg = Debug|Any CPU
		{9FC153BB-ABC2-44FF-B39B-E528C53BE16A}.Debug|Any CPU.Build.0 = Debug|Any CPU
		{9FC153BB-ABC2-44FF-B39B-E528C53BE16A}.Debug|ARM.ActiveCfg = Debug|Any CPU
		{9FC153BB-ABC2-44FF-B39B-E528C53BE16A}.Debug|ARM.Build.0 = Debug|Any CPU
		{9FC153BB-ABC2-44FF-B39B-E528C53BE16A}.Debug|ARM64.ActiveCfg = Debug|Any CPU
		{9FC153BB-ABC2-44FF-B39B-E528C53BE16A}.Debug|ARM64.Build.0 = Debug|Any CPU
		{9FC153BB-ABC2-44FF-B39B-E528C53BE16A}.Debug|x64.ActiveCfg = Debug|Any CPU
		{9FC153BB-ABC2-44FF-B39B-E528C53BE16A}.Debug|x64.Build.0 = Debug|Any CPU
		{9FC153BB-ABC2-44FF-B39B-E528C53BE16A}.Debug|x86.ActiveCfg = Debug|Any CPU
		{9FC153BB-ABC2-44FF-B39B-E528C53BE16A}.Debug|x86.Build.0 = Debug|Any CPU
		{9FC153BB-ABC2-44FF-B39B-E528C53BE16A}.Release|Any CPU.ActiveCfg = Release|Any CPU
		{9FC153BB-ABC2-44FF-B39B-E528C53BE16A}.Release|Any CPU.Build.0 = Release|Any CPU
		{9FC153BB-ABC2-44FF-B39B-E528C53BE16A}.Release|ARM.ActiveCfg = Release|Any CPU
		{9FC153BB-ABC2-44FF-B39B-E528C53BE16A}.Release|ARM.Build.0 = Release|Any CPU
		{9FC153BB-ABC2-44FF-B39B-E528C53BE16A}.Release|ARM64.ActiveCfg = Release|Any CPU
		{9FC153BB-ABC2-44FF-B39B-E528C53BE16A}.Release|ARM64.Build.0 = Release|Any CPU
		{9FC153BB-ABC2-44FF-B39B-E528C53BE16A}.Release|x64.ActiveCfg = Release|Any CPU
		{9FC153BB-ABC2-44FF-B39B-E528C53BE16A}.Release|x64.Build.0 = Release|Any CPU
		{9FC153BB-ABC2-44FF-B39B-E528C53BE16A}.Release|x86.ActiveCfg = Release|Any CPU
		{9FC153BB-ABC2-44FF-B39B-E528C53BE16A}.Release|x86.Build.0 = Release|Any CPU
		{C62B0993-00D9-4502-A644-E75E3FA381A6}.Debug|Any CPU.ActiveCfg = Debug|Any CPU
		{C62B0993-00D9-4502-A644-E75E3FA381A6}.Debug|Any CPU.Build.0 = Debug|Any CPU
		{C62B0993-00D9-4502-A644-E75E3FA381A6}.Debug|ARM.ActiveCfg = Debug|Any CPU
		{C62B0993-00D9-4502-A644-E75E3FA381A6}.Debug|ARM.Build.0 = Debug|Any CPU
		{C62B0993-00D9-4502-A644-E75E3FA381A6}.Debug|ARM64.ActiveCfg = Debug|Any CPU
		{C62B0993-00D9-4502-A644-E75E3FA381A6}.Debug|ARM64.Build.0 = Debug|Any CPU
		{C62B0993-00D9-4502-A644-E75E3FA381A6}.Debug|x64.ActiveCfg = Debug|Any CPU
		{C62B0993-00D9-4502-A644-E75E3FA381A6}.Debug|x64.Build.0 = Debug|Any CPU
		{C62B0993-00D9-4502-A644-E75E3FA381A6}.Debug|x86.ActiveCfg = Debug|Any CPU
		{C62B0993-00D9-4502-A644-E75E3FA381A6}.Debug|x86.Build.0 = Debug|Any CPU
		{C62B0993-00D9-4502-A644-E75E3FA381A6}.Release|Any CPU.ActiveCfg = Release|Any CPU
		{C62B0993-00D9-4502-A644-E75E3FA381A6}.Release|Any CPU.Build.0 = Release|Any CPU
		{C62B0993-00D9-4502-A644-E75E3FA381A6}.Release|ARM.ActiveCfg = Release|Any CPU
		{C62B0993-00D9-4502-A644-E75E3FA381A6}.Release|ARM.Build.0 = Release|Any CPU
		{C62B0993-00D9-4502-A644-E75E3FA381A6}.Release|ARM64.ActiveCfg = Release|Any CPU
		{C62B0993-00D9-4502-A644-E75E3FA381A6}.Release|ARM64.Build.0 = Release|Any CPU
		{C62B0993-00D9-4502-A644-E75E3FA381A6}.Release|x64.ActiveCfg = Release|Any CPU
		{C62B0993-00D9-4502-A644-E75E3FA381A6}.Release|x64.Build.0 = Release|Any CPU
		{C62B0993-00D9-4502-A644-E75E3FA381A6}.Release|x86.ActiveCfg = Release|Any CPU
		{C62B0993-00D9-4502-A644-E75E3FA381A6}.Release|x86.Build.0 = Release|Any CPU
		{920AFC9B-74FD-4F47-BE3C-60DAD4A78C73}.Debug|Any CPU.ActiveCfg = Debug|x86
		{920AFC9B-74FD-4F47-BE3C-60DAD4A78C73}.Debug|ARM.ActiveCfg = Debug|ARM
		{920AFC9B-74FD-4F47-BE3C-60DAD4A78C73}.Debug|ARM.Build.0 = Debug|ARM
		{920AFC9B-74FD-4F47-BE3C-60DAD4A78C73}.Debug|ARM.Deploy.0 = Debug|ARM
		{920AFC9B-74FD-4F47-BE3C-60DAD4A78C73}.Debug|ARM64.ActiveCfg = Debug|ARM64
		{920AFC9B-74FD-4F47-BE3C-60DAD4A78C73}.Debug|ARM64.Build.0 = Debug|ARM64
		{920AFC9B-74FD-4F47-BE3C-60DAD4A78C73}.Debug|ARM64.Deploy.0 = Debug|ARM64
		{920AFC9B-74FD-4F47-BE3C-60DAD4A78C73}.Debug|x64.ActiveCfg = Debug|x64
		{920AFC9B-74FD-4F47-BE3C-60DAD4A78C73}.Debug|x64.Build.0 = Debug|x64
		{920AFC9B-74FD-4F47-BE3C-60DAD4A78C73}.Debug|x64.Deploy.0 = Debug|x64
		{920AFC9B-74FD-4F47-BE3C-60DAD4A78C73}.Debug|x86.ActiveCfg = Debug|x86
		{920AFC9B-74FD-4F47-BE3C-60DAD4A78C73}.Debug|x86.Build.0 = Debug|x86
		{920AFC9B-74FD-4F47-BE3C-60DAD4A78C73}.Debug|x86.Deploy.0 = Debug|x86
		{920AFC9B-74FD-4F47-BE3C-60DAD4A78C73}.Release|Any CPU.ActiveCfg = Release|x86
		{920AFC9B-74FD-4F47-BE3C-60DAD4A78C73}.Release|ARM.ActiveCfg = Release|ARM
		{920AFC9B-74FD-4F47-BE3C-60DAD4A78C73}.Release|ARM.Build.0 = Release|ARM
		{920AFC9B-74FD-4F47-BE3C-60DAD4A78C73}.Release|ARM.Deploy.0 = Release|ARM
		{920AFC9B-74FD-4F47-BE3C-60DAD4A78C73}.Release|ARM64.ActiveCfg = Release|ARM64
		{920AFC9B-74FD-4F47-BE3C-60DAD4A78C73}.Release|ARM64.Build.0 = Release|ARM64
		{920AFC9B-74FD-4F47-BE3C-60DAD4A78C73}.Release|ARM64.Deploy.0 = Release|ARM64
		{920AFC9B-74FD-4F47-BE3C-60DAD4A78C73}.Release|x64.ActiveCfg = Release|x64
		{920AFC9B-74FD-4F47-BE3C-60DAD4A78C73}.Release|x64.Build.0 = Release|x64
		{920AFC9B-74FD-4F47-BE3C-60DAD4A78C73}.Release|x64.Deploy.0 = Release|x64
		{920AFC9B-74FD-4F47-BE3C-60DAD4A78C73}.Release|x86.ActiveCfg = Release|x86
		{920AFC9B-74FD-4F47-BE3C-60DAD4A78C73}.Release|x86.Build.0 = Release|x86
		{920AFC9B-74FD-4F47-BE3C-60DAD4A78C73}.Release|x86.Deploy.0 = Release|x86
	EndGlobalSection
	GlobalSection(SolutionProperties) = preSolution
		HideSolutionNode = FALSE
	EndGlobalSection
	GlobalSection(ExtensibilityGlobals) = postSolution
		SolutionGuid = {26EE3AC9-6062-4E38-9B5F-3EA7171B911D}
	EndGlobalSection
EndGlobal
